
Microsoft Visual Studio Solution File, Format Version 12.00
# Visual Studio Version 16
VisualStudioVersion = 16.0.32802.440
MinimumVisualStudioVersion = 10.0.40219.1
Project("{FAE04EC0-301F-11D3-BF4B-00C04F79EFBC}") = "tråd synkronisering 2", "tråd synkronisering 2\tråd synkronisering 2.csproj", "{1EF0370E-14C1-429A-A864-2D9CC9108041}"
EndProject
Global
	GlobalSection(SolutionConfigurationPlatforms) = preSolution
		Debug|Any CPU = Debug|Any CPU
		Release|Any CPU = Release|Any CPU
	EndGlobalSection
	GlobalSection(ProjectConfigurationPlatforms) = postSolution
		{1EF0370E-14C1-429A-A864-2D9CC9108041}.Debug|Any CPU.ActiveCfg = Debug|Any CPU
		{1EF0370E-14C1-429A-A864-2D9CC9108041}.Debug|Any CPU.Build.0 = Debug|Any CPU
		{1EF0370E-14C1-429A-A864-2D9CC9108041}.Release|Any CPU.ActiveCfg = Release|Any CPU
		{1EF0370E-14C1-429A-A864-2D9CC9108041}.Release|Any CPU.Build.0 = Release|Any CPU
	EndGlobalSection
	GlobalSection(SolutionProperties) = preSolution
		HideSolutionNode = FALSE
	EndGlobalSection
	GlobalSection(ExtensibilityGlobals) = postSolution
		SolutionGuid = {DAA4A08E-807D-42F8-AFF4-9F4A9784199A}
	EndGlobalSection
EndGlobal
